
Microsoft Visual Studio Solution File, Format Version 12.00
# Visual Studio Version 17
VisualStudioVersion = 17.3.32728.150
MinimumVisualStudioVersion = 10.0.40219.1
Project("{FAE04EC0-301F-11D3-BF4B-00C04F79EFBC}") = "MauiSignaturePad", "MauiSignaturePad\MauiSignaturePad.csproj", "{C78BB07C-CF1D-4A6F-BE2A-ED7F60A52035}"
EndProject
Global
	GlobalSection(SolutionConfigurationPlatforms) = preSolution
		Debug|Any CPU = Debug|Any CPU
		Release|Any CPU = Release|Any CPU
	EndGlobalSection
	GlobalSection(ProjectConfigurationPlatforms) = postSolution
		{C78BB07C-CF1D-4A6F-BE2A-ED7F60A52035}.Debug|Any CPU.ActiveCfg = Debug|Any CPU
		{C78BB07C-CF1D-4A6F-BE2A-ED7F60A52035}.Debug|Any CPU.Build.0 = Debug|Any CPU
		{C78BB07C-CF1D-4A6F-BE2A-ED7F60A52035}.Release|Any CPU.ActiveCfg = Release|Any CPU
		{C78BB07C-CF1D-4A6F-BE2A-ED7F60A52035}.Release|Any CPU.Build.0 = Release|Any CPU
	EndGlobalSection
	GlobalSection(SolutionProperties) = preSolution
		HideSolutionNode = FALSE
	EndGlobalSection
	GlobalSection(ExtensibilityGlobals) = postSolution
		SolutionGuid = {7A9AD11D-2D05-4FBC-85F9-202341949EFC}
	EndGlobalSection
EndGlobal
